
Microsoft Visual Studio Solution File, Format Version 12.00
# Visual Studio Version 16
VisualStudioVersion = 16.0.30204.135
MinimumVisualStudioVersion = 10.0.40219.1
Project("{FAE04EC0-301F-11D3-BF4B-00C04F79EFBC}") = "cmdline-args", "cmdline-args\cmdline-args.csproj", "{6DE0F9EB-E4FB-44B6-867A-63CA6A49F0D9}"
EndProject
Global
	GlobalSection(SolutionConfigurationPlatforms) = preSolution
		Debug|Any CPU = Debug|Any CPU
		Release|Any CPU = Release|Any CPU
	EndGlobalSection
	GlobalSection(ProjectConfigurationPlatforms) = postSolution
		{6DE0F9EB-E4FB-44B6-867A-63CA6A49F0D9}.Debug|Any CPU.ActiveCfg = Debug|Any CPU
		{6DE0F9EB-E4FB-44B6-867A-63CA6A49F0D9}.Debug|Any CPU.Build.0 = Debug|Any CPU
		{6DE0F9EB-E4FB-44B6-867A-63CA6A49F0D9}.Release|Any CPU.ActiveCfg = Release|Any CPU
		{6DE0F9EB-E4FB-44B6-867A-63CA6A49F0D9}.Release|Any CPU.Build.0 = Release|Any CPU
	EndGlobalSection
	GlobalSection(SolutionProperties) = preSolution
		HideSolutionNode = FALSE
	EndGlobalSection
	GlobalSection(ExtensibilityGlobals) = postSolution
		SolutionGuid = {921DEFA9-2661-4E1C-A4F7-2613134FAF7B}
	EndGlobalSection
EndGlobal
